{
  "nodes": {
    "flake-utils": {
      "inputs": {
        "systems": "systems"
      },
      "locked": {
        "lastModified": 1731533236,
        "narHash": "sha256-l0KFg5HjrsfsO/JpG+r7fRrqm12kzFHyUHqHCVpMMbI=",
        "owner": "numtide",
        "repo": "flake-utils",
        "rev": "11707dc2f618dd54ca8739b309ec4fc024de578b",
        "type": "github"
      },
      "original": {
        "owner": "numtide",
        "repo": "flake-utils",
        "type": "github"
      }
    },
    "home-manager": {
      "inputs": {
        "nixpkgs": [
          "nixpkgs"
        ]
      },
      "locked": {
        "lastModified": 1770476834,
        "narHash": "sha256-cyxgVsNfHnJ4Zn6G1EOzfTXbjTy7Ds9zMOsZaX7VZWs=",
        "owner": "nix-community",
        "repo": "home-manager",
        "rev": "6cee0821577643e0b34e2c5d9a90d0b1b5cdca70",
        "type": "github"
      },
      "original": {
        "owner": "nix-community",
        "ref": "master",
        "repo": "home-manager",
        "type": "github"
      }
    },
    "nixpkgs": {
      "locked": {
        "lastModified": 1770197578,
        "narHash": "sha256-AYqlWrX09+HvGs8zM6ebZ1pwUqjkfpnv8mewYwAo+iM=",
        "owner": "nixos",
        "repo": "nixpkgs",
        "rev": "00c21e4c93d963c50d4c0c89bfa84ed6e0694df2",
        "type": "github"
      },
      "original": {
        "owner": "nixos",
        "ref": "nixos-unstable",
        "repo": "nixpkgs",
        "type": "github"
      }
    },
    "pixie-sddm": {
      "flake": false,
      "locked": {
        "lastModified": 1771570500,
        "narHash": "sha256-lmE/49ySuAZDh5xLochWqfSw9qWrIV+fYaK5T2Ckck8=",
        "owner": "xCaptaiN09",
        "repo": "pixie-sddm",
        "rev": "12a5f459ebd6d699be42c188c10976c8bb7076d7",
        "type": "github"
      },
      "original": {
        "owner": "xCaptaiN09",
        "repo": "pixie-sddm",
        "type": "github"
      }
    },
    "root": {
      "inputs": {
        "home-manager": "home-manager",
        "nixpkgs": "nixpkgs",
        "pixie-sddm": "pixie-sddm",
        "zapret": "zapret"
      }
    },
    "systems": {
      "locked": {
        "lastModified": 1681028828,
        "narHash": "sha256-Vy1rq5AaRuLzOxct8nz4T6wlgyUR7zLU309k9mBC768=",
        "owner": "nix-systems",
        "repo": "default",
        "rev": "da67096a3b9bf56a91d16901293e51ba5b49a27e",
        "type": "github"
      },
      "original": {
        "owner": "nix-systems",
        "repo": "default",
        "type": "github"
      }
    },
    "zapret": {
      "inputs": {
        "flake-utils": "flake-utils",
        "nixpkgs": [
          "nixpkgs"
        ],
        "zapret-flowseal": "zapret-flowseal"
      },
      "locked": {
        "lastModified": 1772404667,
        "narHash": "sha256-33u85LzW+rmsqArHxtp9FUx0o7WDAZyaklsXuEJgZpY=",
        "owner": "kartavkun",
        "repo": "zapret-discord-youtube",
        "rev": "a84c40510fb789c545db45826fadfd26e551dbe7",
        "type": "github"
      },
      "original": {
        "owner": "kartavkun",
        "repo": "zapret-discord-youtube",
        "type": "github"
      }
    },
    "zapret-flowseal": {
      "flake": false,
      "locked": {
        "lastModified": 1772123888,
        "narHash": "sha256-pGxkIP9FBwwKPSeAl7JKJ/iIErRnPFtUDdF0KAEUdzU=",
        "owner": "Flowseal",
        "repo": "zapret-discord-youtube",
        "rev": "cb9aed09449e1c51a9108c7989717c7c98a14301",
        "type": "github"
      },
      "original": {
        "owner": "Flowseal",
        "repo": "zapret-discord-youtube",
        "type": "github"
      }
    }
  },
  "root": "root",
  "version": 7
}
